{
  "name": "aigate-cli",
  "version": "0.1.3",
  "lockfileVersion": 3,
  "requires": true,
  "packages": {
    "": {
      "name": "aigate-cli",
      "version": "0.1.3",
      "license": "MIT",
      "bin": {
        "aigate": "src/cli.mjs"
      },
      "engines": {
        "node": ">=20"
      }
    }
  }
}
